
Microsoft Visual Studio Solution File, Format Version 12.00
# Visual Studio 15
VisualStudioVersion = 15.0.35319.79
MinimumVisualStudioVersion = 10.0.40219.1
Project("{FAE04EC0-301F-11D3-BF4B-00C04F79EFBC}") = "hafta7odev6", "hafta7odev6\hafta7odev6.csproj", "{3DFD8ECD-D85A-46C8-BFEB-237FC6D463AA}"
EndProject
Global
	GlobalSection(SolutionConfigurationPlatforms) = preSolution
		Debug|Any CPU = Debug|Any CPU
		Release|Any CPU = Release|Any CPU
	EndGlobalSection
	GlobalSection(ProjectConfigurationPlatforms) = postSolution
		{3DFD8ECD-D85A-46C8-BFEB-237FC6D463AA}.Debug|Any CPU.ActiveCfg = Debug|Any CPU
		{3DFD8ECD-D85A-46C8-BFEB-237FC6D463AA}.Debug|Any CPU.Build.0 = Debug|Any CPU
		{3DFD8ECD-D85A-46C8-BFEB-237FC6D463AA}.Release|Any CPU.ActiveCfg = Release|Any CPU
		{3DFD8ECD-D85A-46C8-BFEB-237FC6D463AA}.Release|Any CPU.Build.0 = Release|Any CPU
	EndGlobalSection
	GlobalSection(SolutionProperties) = preSolution
		HideSolutionNode = FALSE
	EndGlobalSection
	GlobalSection(ExtensibilityGlobals) = postSolution
		SolutionGuid = {BC77BCC1-DC32-4529-83C9-F1579266A362}
	EndGlobalSection
EndGlobal
